
Microsoft Visual Studio Solution File, Format Version 12.00
# Visual Studio Version 16
VisualStudioVersion = 16.0.31129.286
MinimumVisualStudioVersion = 10.0.40219.1
Project("{FAE04EC0-301F-11D3-BF4B-00C04F79EFBC}") = "Proiect_Master_E-Business_Irimies_Mircea", "Proiect_Master_E-Business_Irimies_Mircea\Proiect_Master_E-Business_Irimies_Mircea.csproj", "{3DE7DF71-3688-4021-8C4D-BF8F781DFF9F}"
EndProject
Global
	GlobalSection(SolutionConfigurationPlatforms) = preSolution
		Debug|Any CPU = Debug|Any CPU
		Release|Any CPU = Release|Any CPU
	EndGlobalSection
	GlobalSection(ProjectConfigurationPlatforms) = postSolution
		{3DE7DF71-3688-4021-8C4D-BF8F781DFF9F}.Debug|Any CPU.ActiveCfg = Debug|Any CPU
		{3DE7DF71-3688-4021-8C4D-BF8F781DFF9F}.Debug|Any CPU.Build.0 = Debug|Any CPU
		{3DE7DF71-3688-4021-8C4D-BF8F781DFF9F}.Release|Any CPU.ActiveCfg = Release|Any CPU
		{3DE7DF71-3688-4021-8C4D-BF8F781DFF9F}.Release|Any CPU.Build.0 = Release|Any CPU
	EndGlobalSection
	GlobalSection(SolutionProperties) = preSolution
		HideSolutionNode = FALSE
	EndGlobalSection
	GlobalSection(ExtensibilityGlobals) = postSolution
		SolutionGuid = {60E3C2E9-6773-434C-9887-1D53DAD19050}
	EndGlobalSection
EndGlobal
